
Microsoft Visual Studio Solution File, Format Version 12.00
Project("{FAE04EC0-301F-11D3-BF4B-00C04F79EFBC}") = "TreeViewGenerator", "TreeViewGenerator\TreeViewGenerator.csproj", "{29F3422E-AE35-4C55-B6D6-75A718DEA256}"
EndProject
Project("{FAE04EC0-301F-11D3-BF4B-00C04F79EFBC}") = "TreeViewProtokApp", "TreeViewProtokApp\TreeViewProtokApp.csproj", "{F73DE56A-21A0-432D-B5A1-BBF14255FCAE}"
EndProject
Global
	GlobalSection(SolutionConfigurationPlatforms) = preSolution
		Debug|Any CPU = Debug|Any CPU
		Release|Any CPU = Release|Any CPU
	EndGlobalSection
	GlobalSection(ProjectConfigurationPlatforms) = postSolution
		{29F3422E-AE35-4C55-B6D6-75A718DEA256}.Debug|Any CPU.ActiveCfg = Debug|Any CPU
		{29F3422E-AE35-4C55-B6D6-75A718DEA256}.Debug|Any CPU.Build.0 = Debug|Any CPU
		{29F3422E-AE35-4C55-B6D6-75A718DEA256}.Release|Any CPU.ActiveCfg = Release|Any CPU
		{29F3422E-AE35-4C55-B6D6-75A718DEA256}.Release|Any CPU.Build.0 = Release|Any CPU
		{F73DE56A-21A0-432D-B5A1-BBF14255FCAE}.Debug|Any CPU.ActiveCfg = Debug|Any CPU
		{F73DE56A-21A0-432D-B5A1-BBF14255FCAE}.Debug|Any CPU.Build.0 = Debug|Any CPU
		{F73DE56A-21A0-432D-B5A1-BBF14255FCAE}.Release|Any CPU.ActiveCfg = Release|Any CPU
		{F73DE56A-21A0-432D-B5A1-BBF14255FCAE}.Release|Any CPU.Build.0 = Release|Any CPU
	EndGlobalSection
EndGlobal
